
Microsoft Visual Studio Solution File, Format Version 12.00
# Visual Studio Version 17
VisualStudioVersion = 17.7.34003.232
MinimumVisualStudioVersion = 10.0.40219.1
Project("{9A19103F-16F7-4668-BE54-9A1E7A4F7556}") = "Rideshare_API", "Rideshare_API.csproj", "{FA080606-21A0-440C-9495-A8FAA5449FC8}"
EndProject
Project("{2150E333-8FDC-42A3-9474-1A3956D46DE8}") = "Solution Items", "Solution Items", "{6FC317C9-5F45-4B34-A246-0441A00B851C}"
	ProjectSection(SolutionItems) = preProject
		ConceptsToCover.txt = ConceptsToCover.txt
	EndProjectSection
EndProject
Global
	GlobalSection(SolutionConfigurationPlatforms) = preSolution
		Debug|Any CPU = Debug|Any CPU
		Release|Any CPU = Release|Any CPU
	EndGlobalSection
	GlobalSection(ProjectConfigurationPlatforms) = postSolution
		{FA080606-21A0-440C-9495-A8FAA5449FC8}.Debug|Any CPU.ActiveCfg = Debug|Any CPU
		{FA080606-21A0-440C-9495-A8FAA5449FC8}.Debug|Any CPU.Build.0 = Debug|Any CPU
		{FA080606-21A0-440C-9495-A8FAA5449FC8}.Release|Any CPU.ActiveCfg = Release|Any CPU
		{FA080606-21A0-440C-9495-A8FAA5449FC8}.Release|Any CPU.Build.0 = Release|Any CPU
	EndGlobalSection
	GlobalSection(SolutionProperties) = preSolution
		HideSolutionNode = FALSE
	EndGlobalSection
	GlobalSection(ExtensibilityGlobals) = postSolution
		SolutionGuid = {D38DA3E4-4179-4B9B-83BD-AB8135126705}
	EndGlobalSection
EndGlobal
